
Microsoft Visual Studio Solution File, Format Version 12.00
# Visual Studio Version 16
VisualStudioVersion = 16.0.29905.134
MinimumVisualStudioVersion = 10.0.40219.1
Project("{2150E333-8FDC-42A3-9474-1A3956D46DE8}") = "Domain", "Domain", "{120A2028-6839-4AD0-B696-71B39D1CAE86}"
EndProject
Project("{2150E333-8FDC-42A3-9474-1A3956D46DE8}") = "ElasticSearch", "ElasticSearch", "{B4285E3C-AC31-4A65-A69C-C2BFDB05BE35}"
EndProject
Project("{2150E333-8FDC-42A3-9474-1A3956D46DE8}") = "Infra.Bus", "Infra.Bus", "{DAE30FAF-35BF-445D-8683-3BB3050D5F83}"
EndProject
Project("{2150E333-8FDC-42A3-9474-1A3956D46DE8}") = "Infra.IoC", "Infra.IoC", "{A04FBC6E-873A-44B5-8490-8F9C5AE6AC67}"
EndProject
Project("{2150E333-8FDC-42A3-9474-1A3956D46DE8}") = "Microservices", "Microservices", "{DD72B148-6142-4033-9979-E8A708BF6540}"
EndProject
Project("{2150E333-8FDC-42A3-9474-1A3956D46DE8}") = "Presentation", "Presentation", "{216C7592-D1D3-4CE0-A73D-0A8D58755099}"
EndProject
Project("{FAE04EC0-301F-11D3-BF4B-00C04F79EFBC}") = "ElasticMicroRabbitMQ.Domain.Core", "ElasticMicroRabbitMQ.Domain.Core\ElasticMicroRabbitMQ.Domain.Core.csproj", "{7A4A72CA-8AD7-48E6-BC01-12F711CAF3FF}"
EndProject
Project("{FAE04EC0-301F-11D3-BF4B-00C04F79EFBC}") = "ElasticMicroRabbitMQ.Infra.Bus", "ElasticMicroRabbitMQ.Infra.Bus\ElasticMicroRabbitMQ.Infra.Bus.csproj", "{B3C6D652-3B49-49EB-90D3-00678D3D72EC}"
EndProject
Project("{FAE04EC0-301F-11D3-BF4B-00C04F79EFBC}") = "ElasticMicroRabbitMQ.Infra.IoC", "ElasticMicroRabbitMQ.Infra.IoC\ElasticMicroRabbitMQ.Infra.IoC.csproj", "{F2357B6F-204A-4FF2-8BE8-2DD30308FD26}"
EndProject
Project("{2150E333-8FDC-42A3-9474-1A3956D46DE8}") = "HRM", "HRM", "{33ED6245-2C40-421C-AE54-8578FD5DFFA5}"
EndProject
Project("{2150E333-8FDC-42A3-9474-1A3956D46DE8}") = "Transfer", "Transfer", "{54E8A670-4B62-4ADE-9EB3-E58D60B52539}"
EndProject
Project("{2150E333-8FDC-42A3-9474-1A3956D46DE8}") = "API", "API", "{A042E214-7A3D-4C97-9094-9FA43932849E}"
EndProject
Project("{2150E333-8FDC-42A3-9474-1A3956D46DE8}") = "Application", "Application", "{62C85AAD-BCD3-4020-8C0C-33E093FCAC0B}"
EndProject
Project("{2150E333-8FDC-42A3-9474-1A3956D46DE8}") = "Data", "Data", "{B1831978-C17E-4286-92AE-CD6FEE3FA329}"
EndProject
Project("{2150E333-8FDC-42A3-9474-1A3956D46DE8}") = "Domain", "Domain", "{877FED0B-888E-4B45-88CF-34AEA28160CC}"
EndProject
Project("{2150E333-8FDC-42A3-9474-1A3956D46DE8}") = "API", "API", "{27D34E08-AEFA-4424-BFE1-8434EEFF3721}"
EndProject
Project("{2150E333-8FDC-42A3-9474-1A3956D46DE8}") = "Application", "Application", "{D46E9654-CA01-4540-9C6D-F3C96CFCB90F}"
EndProject
Project("{2150E333-8FDC-42A3-9474-1A3956D46DE8}") = "Data", "Data", "{0FE851D5-867D-47DF-ABF1-FC25A1D658D9}"
EndProject
Project("{2150E333-8FDC-42A3-9474-1A3956D46DE8}") = "Domain", "Domain", "{61CD20C2-C162-4A9E-B9EB-FD727C901935}"
EndProject
Project("{FAE04EC0-301F-11D3-BF4B-00C04F79EFBC}") = "ElasticMicroRabbitMQ.HRM.API", "ElasticMicroRabbitMQ.HRM.API\ElasticMicroRabbitMQ.HRM.API.csproj", "{C03C33E7-A069-4C4E-B1F2-C88B04DF8828}"
EndProject
Project("{FAE04EC0-301F-11D3-BF4B-00C04F79EFBC}") = "ElasticMicroRabbitMQ.Transfer.API", "ElasticMicroRabbitMQ.Transfer.API\ElasticMicroRabbitMQ.Transfer.API.csproj", "{8CE417F1-5DC8-4E37-A38C-45DA67B49C73}"
EndProject
Project("{FAE04EC0-301F-11D3-BF4B-00C04F79EFBC}") = "ElasticMicroRabbitMQ.Elasticsearch.ElasticDBSetup", "ElasticMicroRabbitMQ.Elasticsearch.ElasticDBSetup\ElasticMicroRabbitMQ.Elasticsearch.ElasticDBSetup.csproj", "{E0DFA598-0D54-4517-85FF-1B5047732399}"
EndProject
Global
	GlobalSection(SolutionConfigurationPlatforms) = preSolution
		Debug|Any CPU = Debug|Any CPU
		Release|Any CPU = Release|Any CPU
	EndGlobalSection
	GlobalSection(ProjectConfigurationPlatforms) = postSolution
		{7A4A72CA-8AD7-48E6-BC01-12F711CAF3FF}.Debug|Any CPU.ActiveCfg = Debug|Any CPU
		{7A4A72CA-8AD7-48E6-BC01-12F711CAF3FF}.Debug|Any CPU.Build.0 = Debug|Any CPU
		{7A4A72CA-8AD7-48E6-BC01-12F711CAF3FF}.Release|Any CPU.ActiveCfg = Release|Any CPU
		{7A4A72CA-8AD7-48E6-BC01-12F711CAF3FF}.Release|Any CPU.Build.0 = Release|Any CPU
		{B3C6D652-3B49-49EB-90D3-00678D3D72EC}.Debug|Any CPU.ActiveCfg = Debug|Any CPU
		{B3C6D652-3B49-49EB-90D3-00678D3D72EC}.Debug|Any CPU.Build.0 = Debug|Any CPU
		{B3C6D652-3B49-49EB-90D3-00678D3D72EC}.Release|Any CPU.ActiveCfg = Release|Any CPU
		{B3C6D652-3B49-49EB-90D3-00678D3D72EC}.Release|Any CPU.Build.0 = Release|Any CPU
		{F2357B6F-204A-4FF2-8BE8-2DD30308FD26}.Debug|Any CPU.ActiveCfg = Debug|Any CPU
		{F2357B6F-204A-4FF2-8BE8-2DD30308FD26}.Debug|Any CPU.Build.0 = Debug|Any CPU
		{F2357B6F-204A-4FF2-8BE8-2DD30308FD26}.Release|Any CPU.ActiveCfg = Release|Any CPU
		{F2357B6F-204A-4FF2-8BE8-2DD30308FD26}.Release|Any CPU.Build.0 = Release|Any CPU
		{C03C33E7-A069-4C4E-B1F2-C88B04DF8828}.Debug|Any CPU.ActiveCfg = Debug|Any CPU
		{C03C33E7-A069-4C4E-B1F2-C88B04DF8828}.Debug|Any CPU.Build.0 = Debug|Any CPU
		{C03C33E7-A069-4C4E-B1F2-C88B04DF8828}.Release|Any CPU.ActiveCfg = Release|Any CPU
		{C03C33E7-A069-4C4E-B1F2-C88B04DF8828}.Release|Any CPU.Build.0 = Release|Any CPU
		{8CE417F1-5DC8-4E37-A38C-45DA67B49C73}.Debug|Any CPU.ActiveCfg = Debug|Any CPU
		{8CE417F1-5DC8-4E37-A38C-45DA67B49C73}.Debug|Any CPU.Build.0 = Debug|Any CPU
		{8CE417F1-5DC8-4E37-A38C-45DA67B49C73}.Release|Any CPU.ActiveCfg = Release|Any CPU
		{8CE417F1-5DC8-4E37-A38C-45DA67B49C73}.Release|Any CPU.Build.0 = Release|Any CPU
		{E0DFA598-0D54-4517-85FF-1B5047732399}.Debug|Any CPU.ActiveCfg = Debug|Any CPU
		{E0DFA598-0D54-4517-85FF-1B5047732399}.Debug|Any CPU.Build.0 = Debug|Any CPU
		{E0DFA598-0D54-4517-85FF-1B5047732399}.Release|Any CPU.ActiveCfg = Release|Any CPU
		{E0DFA598-0D54-4517-85FF-1B5047732399}.Release|Any CPU.Build.0 = Release|Any CPU
	EndGlobalSection
	GlobalSection(SolutionProperties) = preSolution
		HideSolutionNode = FALSE
	EndGlobalSection
	GlobalSection(NestedProjects) = preSolution
		{7A4A72CA-8AD7-48E6-BC01-12F711CAF3FF} = {120A2028-6839-4AD0-B696-71B39D1CAE86}
		{B3C6D652-3B49-49EB-90D3-00678D3D72EC} = {DAE30FAF-35BF-445D-8683-3BB3050D5F83}
		{F2357B6F-204A-4FF2-8BE8-2DD30308FD26} = {A04FBC6E-873A-44B5-8490-8F9C5AE6AC67}
		{33ED6245-2C40-421C-AE54-8578FD5DFFA5} = {DD72B148-6142-4033-9979-E8A708BF6540}
		{54E8A670-4B62-4ADE-9EB3-E58D60B52539} = {DD72B148-6142-4033-9979-E8A708BF6540}
		{A042E214-7A3D-4C97-9094-9FA43932849E} = {33ED6245-2C40-421C-AE54-8578FD5DFFA5}
		{62C85AAD-BCD3-4020-8C0C-33E093FCAC0B} = {33ED6245-2C40-421C-AE54-8578FD5DFFA5}
		{B1831978-C17E-4286-92AE-CD6FEE3FA329} = {33ED6245-2C40-421C-AE54-8578FD5DFFA5}
		{877FED0B-888E-4B45-88CF-34AEA28160CC} = {33ED6245-2C40-421C-AE54-8578FD5DFFA5}
		{27D34E08-AEFA-4424-BFE1-8434EEFF3721} = {54E8A670-4B62-4ADE-9EB3-E58D60B52539}
		{D46E9654-CA01-4540-9C6D-F3C96CFCB90F} = {54E8A670-4B62-4ADE-9EB3-E58D60B52539}
		{0FE851D5-867D-47DF-ABF1-FC25A1D658D9} = {54E8A670-4B62-4ADE-9EB3-E58D60B52539}
		{61CD20C2-C162-4A9E-B9EB-FD727C901935} = {54E8A670-4B62-4ADE-9EB3-E58D60B52539}
		{C03C33E7-A069-4C4E-B1F2-C88B04DF8828} = {A042E214-7A3D-4C97-9094-9FA43932849E}
		{8CE417F1-5DC8-4E37-A38C-45DA67B49C73} = {27D34E08-AEFA-4424-BFE1-8434EEFF3721}
		{E0DFA598-0D54-4517-85FF-1B5047732399} = {B4285E3C-AC31-4A65-A69C-C2BFDB05BE35}
	EndGlobalSection
	GlobalSection(ExtensibilityGlobals) = postSolution
		SolutionGuid = {C8996D3D-A6DA-4424-802D-5FC21E5644C0}
	EndGlobalSection
EndGlobal
